
Microsoft Visual Studio Solution File, Format Version 12.00
# Visual Studio Version 17
VisualStudioVersion = 17.8.34309.116
MinimumVisualStudioVersion = 10.0.40219.1
Project("{FAE04EC0-301F-11D3-BF4B-00C04F79EFBC}") = "MetroNav", "MetroNav\MetroNav.csproj", "{1DA63313-FC31-40CF-8565-7B6C008F73EE}"
EndProject
Global
	GlobalSection(SolutionConfigurationPlatforms) = preSolution
		Debug|Any CPU = Debug|Any CPU
		Release|Any CPU = Release|Any CPU
	EndGlobalSection
	GlobalSection(ProjectConfigurationPlatforms) = postSolution
		{1DA63313-FC31-40CF-8565-7B6C008F73EE}.Debug|Any CPU.ActiveCfg = Debug|Any CPU
		{1DA63313-FC31-40CF-8565-7B6C008F73EE}.Debug|Any CPU.Build.0 = Debug|Any CPU
		{1DA63313-FC31-40CF-8565-7B6C008F73EE}.Release|Any CPU.ActiveCfg = Release|Any CPU
		{1DA63313-FC31-40CF-8565-7B6C008F73EE}.Release|Any CPU.Build.0 = Release|Any CPU
	EndGlobalSection
	GlobalSection(SolutionProperties) = preSolution
		HideSolutionNode = FALSE
	EndGlobalSection
	GlobalSection(ExtensibilityGlobals) = postSolution
		SolutionGuid = {801CAA71-97A7-4FA3-9A78-5D15D49866EB}
	EndGlobalSection
EndGlobal
