
Microsoft Visual Studio Solution File, Format Version 12.00
# Visual Studio Version 17
VisualStudioVersion = 17.8.34525.116
MinimumVisualStudioVersion = 10.0.40219.1
Project("{FAE04EC0-301F-11D3-BF4B-00C04F79EFBC}") = "IoTApp", "IoTApp\IoTApp.csproj", "{4C906151-C6BD-4AAA-9067-D93E1345F1DC}"
EndProject
Project("{2150E333-8FDC-42A3-9474-1A3956D46DE8}") = "Solution Items", "Solution Items", "{AF06E10B-3697-4022-AD67-AB64CBFFCA08}"
EndProject
Global
	GlobalSection(SolutionConfigurationPlatforms) = preSolution
		Debug|Any CPU = Debug|Any CPU
		Release|Any CPU = Release|Any CPU
	EndGlobalSection
	GlobalSection(ProjectConfigurationPlatforms) = postSolution
		{4C906151-C6BD-4AAA-9067-D93E1345F1DC}.Debug|Any CPU.ActiveCfg = Debug|Any CPU
		{4C906151-C6BD-4AAA-9067-D93E1345F1DC}.Debug|Any CPU.Build.0 = Debug|Any CPU
		{4C906151-C6BD-4AAA-9067-D93E1345F1DC}.Release|Any CPU.ActiveCfg = Release|Any CPU
		{4C906151-C6BD-4AAA-9067-D93E1345F1DC}.Release|Any CPU.Build.0 = Release|Any CPU
	EndGlobalSection
	GlobalSection(SolutionProperties) = preSolution
		HideSolutionNode = FALSE
	EndGlobalSection
	GlobalSection(ExtensibilityGlobals) = postSolution
		SolutionGuid = {611EA13A-6FD6-4A2F-95A7-0AB242F78FE9}
	EndGlobalSection
EndGlobal
